
Microsoft Visual Studio Solution File, Format Version 12.00
# Visual Studio Version 16
VisualStudioVersion = 16.0.31729.503
MinimumVisualStudioVersion = 10.0.40219.1
Project("{FAE04EC0-301F-11D3-BF4B-00C04F79EFBC}") = "GimmeProxy", "GimmeProxy.csproj", "{4FC7311E-5513-48CA-AB3B-3FA6532B4181}"
EndProject
Global
	GlobalSection(SolutionConfigurationPlatforms) = preSolution
		Debug|Any CPU = Debug|Any CPU
		Release|Any CPU = Release|Any CPU
	EndGlobalSection
	GlobalSection(ProjectConfigurationPlatforms) = postSolution
		{4FC7311E-5513-48CA-AB3B-3FA6532B4181}.Debug|Any CPU.ActiveCfg = Debug|Any CPU
		{4FC7311E-5513-48CA-AB3B-3FA6532B4181}.Debug|Any CPU.Build.0 = Debug|Any CPU
		{4FC7311E-5513-48CA-AB3B-3FA6532B4181}.Release|Any CPU.ActiveCfg = Release|Any CPU
		{4FC7311E-5513-48CA-AB3B-3FA6532B4181}.Release|Any CPU.Build.0 = Release|Any CPU
	EndGlobalSection
	GlobalSection(SolutionProperties) = preSolution
		HideSolutionNode = FALSE
	EndGlobalSection
	GlobalSection(ExtensibilityGlobals) = postSolution
		SolutionGuid = {783D03AF-2CF2-4824-ABD0-554112304403}
	EndGlobalSection
EndGlobal
